
Microsoft Visual Studio Solution File, Format Version 12.00
# Visual Studio Version 17
VisualStudioVersion = 17.4.33205.214
MinimumVisualStudioVersion = 10.0.40219.1
Project("{888888A0-9F3D-457C-B088-3A5042F75D52}") = "Sõnastik", "Sõnastik.pyproj", "{DEDCE4FF-0ECE-4199-B4EA-55663BCBCC46}"
EndProject
Global
	GlobalSection(SolutionConfigurationPlatforms) = preSolution
		Debug|Any CPU = Debug|Any CPU
		Release|Any CPU = Release|Any CPU
	EndGlobalSection
	GlobalSection(ProjectConfigurationPlatforms) = postSolution
		{DEDCE4FF-0ECE-4199-B4EA-55663BCBCC46}.Debug|Any CPU.ActiveCfg = Debug|Any CPU
		{DEDCE4FF-0ECE-4199-B4EA-55663BCBCC46}.Release|Any CPU.ActiveCfg = Release|Any CPU
	EndGlobalSection
	GlobalSection(SolutionProperties) = preSolution
		HideSolutionNode = FALSE
	EndGlobalSection
	GlobalSection(ExtensibilityGlobals) = postSolution
		SolutionGuid = {E3121BF5-7E40-4DC1-A8A0-0EB5BD7C7B05}
	EndGlobalSection
EndGlobal
